
Microsoft Visual Studio Solution File, Format Version 12.00
# Visual Studio Version 17
VisualStudioVersion = 17.9.34616.47
MinimumVisualStudioVersion = 10.0.40219.1
Project("{8BC9CEB8-8B4A-11D0-8D11-00A0C91BC942}") = "ParadigmaOOP1_0118", "ParadigmaOOP1_0118\ParadigmaOOP1_0118.vcxproj", "{1D233B72-99D9-4290-8847-71547F060EF1}"
EndProject
Project("{8BC9CEB8-8B4A-11D0-8D11-00A0C91BC942}") = "project 2", "project 2\project 2.vcxproj", "{CB0075A0-4F83-486C-A44F-0D46613838F7}"
EndProject
Project("{8BC9CEB8-8B4A-11D0-8D11-00A0C91BC942}") = "projek 3", "projek 3\projek 3.vcxproj", "{7FD8CF1E-37D0-4580-9C67-888813549390}"
EndProject
Project("{8BC9CEB8-8B4A-11D0-8D11-00A0C91BC942}") = "projek 4", "projek 4\projek 4.vcxproj", "{FAC4A65D-3033-4868-BABB-52C8187F6E15}"
EndProject
Project("{8BC9CEB8-8B4A-11D0-8D11-00A0C91BC942}") = "projek 5", "projek 5\projek 5.vcxproj", "{50E97A9A-0C1D-4CD1-A250-49887A3F6D2A}"
EndProject
Project("{8BC9CEB8-8B4A-11D0-8D11-00A0C91BC942}") = "asosiasi", "asosiasi\asosiasi.vcxproj", "{6122460A-0E34-40EE-A6E6-F67F5B7C857C}"
EndProject
Project("{8BC9CEB8-8B4A-11D0-8D11-00A0C91BC942}") = "inhertance", "inhertance\inhertance.vcxproj", "{4539B84F-AD58-450F-A548-8ABFC54B893D}"
EndProject
Global
	GlobalSection(SolutionConfigurationPlatforms) = preSolution
		Debug|x64 = Debug|x64
		Debug|x86 = Debug|x86
		Release|x64 = Release|x64
		Release|x86 = Release|x86
	EndGlobalSection
	GlobalSection(ProjectConfigurationPlatforms) = postSolution
		{1D233B72-99D9-4290-8847-71547F060EF1}.Debug|x64.ActiveCfg = Debug|x64
		{1D233B72-99D9-4290-8847-71547F060EF1}.Debug|x64.Build.0 = Debug|x64
		{1D233B72-99D9-4290-8847-71547F060EF1}.Debug|x86.ActiveCfg = Debug|Win32
		{1D233B72-99D9-4290-8847-71547F060EF1}.Debug|x86.Build.0 = Debug|Win32
		{1D233B72-99D9-4290-8847-71547F060EF1}.Release|x64.ActiveCfg = Release|x64
		{1D233B72-99D9-4290-8847-71547F060EF1}.Release|x64.Build.0 = Release|x64
		{1D233B72-99D9-4290-8847-71547F060EF1}.Release|x86.ActiveCfg = Release|Win32
		{1D233B72-99D9-4290-8847-71547F060EF1}.Release|x86.Build.0 = Release|Win32
		{CB0075A0-4F83-486C-A44F-0D46613838F7}.Debug|x64.ActiveCfg = Debug|x64
		{CB0075A0-4F83-486C-A44F-0D46613838F7}.Debug|x64.Build.0 = Debug|x64
		{CB0075A0-4F83-486C-A44F-0D46613838F7}.Debug|x86.ActiveCfg = Debug|Win32
		{CB0075A0-4F83-486C-A44F-0D46613838F7}.Debug|x86.Build.0 = Debug|Win32
		{CB0075A0-4F83-486C-A44F-0D46613838F7}.Release|x64.ActiveCfg = Release|x64
		{CB0075A0-4F83-486C-A44F-0D46613838F7}.Release|x64.Build.0 = Release|x64
		{CB0075A0-4F83-486C-A44F-0D46613838F7}.Release|x86.ActiveCfg = Release|Win32
		{CB0075A0-4F83-486C-A44F-0D46613838F7}.Release|x86.Build.0 = Release|Win32
		{7FD8CF1E-37D0-4580-9C67-888813549390}.Debug|x64.ActiveCfg = Debug|x64
		{7FD8CF1E-37D0-4580-9C67-888813549390}.Debug|x64.Build.0 = Debug|x64
		{7FD8CF1E-37D0-4580-9C67-888813549390}.Debug|x86.ActiveCfg = Debug|Win32
		{7FD8CF1E-37D0-4580-9C67-888813549390}.Debug|x86.Build.0 = Debug|Win32
		{7FD8CF1E-37D0-4580-9C67-888813549390}.Release|x64.ActiveCfg = Release|x64
		{7FD8CF1E-37D0-4580-9C67-888813549390}.Release|x64.Build.0 = Release|x64
		{7FD8CF1E-37D0-4580-9C67-888813549390}.Release|x86.ActiveCfg = Release|Win32
		{7FD8CF1E-37D0-4580-9C67-888813549390}.Release|x86.Build.0 = Release|Win32
		{FAC4A65D-3033-4868-BABB-52C8187F6E15}.Debug|x64.ActiveCfg = Debug|x64
		{FAC4A65D-3033-4868-BABB-52C8187F6E15}.Debug|x64.Build.0 = Debug|x64
		{FAC4A65D-3033-4868-BABB-52C8187F6E15}.Debug|x86.ActiveCfg = Debug|Win32
		{FAC4A65D-3033-4868-BABB-52C8187F6E15}.Debug|x86.Build.0 = Debug|Win32
		{FAC4A65D-3033-4868-BABB-52C8187F6E15}.Release|x64.ActiveCfg = Release|x64
		{FAC4A65D-3033-4868-BABB-52C8187F6E15}.Release|x64.Build.0 = Release|x64
		{FAC4A65D-3033-4868-BABB-52C8187F6E15}.Release|x86.ActiveCfg = Release|Win32
		{FAC4A65D-3033-4868-BABB-52C8187F6E15}.Release|x86.Build.0 = Release|Win32
		{50E97A9A-0C1D-4CD1-A250-49887A3F6D2A}.Debug|x64.ActiveCfg = Debug|x64
		{50E97A9A-0C1D-4CD1-A250-49887A3F6D2A}.Debug|x64.Build.0 = Debug|x64
		{50E97A9A-0C1D-4CD1-A250-49887A3F6D2A}.Debug|x86.ActiveCfg = Debug|Win32
		{50E97A9A-0C1D-4CD1-A250-49887A3F6D2A}.Debug|x86.Build.0 = Debug|Win32
		{50E97A9A-0C1D-4CD1-A250-49887A3F6D2A}.Release|x64.ActiveCfg = Release|x64
		{50E97A9A-0C1D-4CD1-A250-49887A3F6D2A}.Release|x64.Build.0 = Release|x64
		{50E97A9A-0C1D-4CD1-A250-49887A3F6D2A}.Release|x86.ActiveCfg = Release|Win32
		{50E97A9A-0C1D-4CD1-A250-49887A3F6D2A}.Release|x86.Build.0 = Release|Win32
		{6122460A-0E34-40EE-A6E6-F67F5B7C857C}.Debug|x64.ActiveCfg = Debug|x64
		{6122460A-0E34-40EE-A6E6-F67F5B7C857C}.Debug|x64.Build.0 = Debug|x64
		{6122460A-0E34-40EE-A6E6-F67F5B7C857C}.Debug|x86.ActiveCfg = Debug|Win32
		{6122460A-0E34-40EE-A6E6-F67F5B7C857C}.Debug|x86.Build.0 = Debug|Win32
		{6122460A-0E34-40EE-A6E6-F67F5B7C857C}.Release|x64.ActiveCfg = Release|x64
		{6122460A-0E34-40EE-A6E6-F67F5B7C857C}.Release|x64.Build.0 = Release|x64
		{6122460A-0E34-40EE-A6E6-F67F5B7C857C}.Release|x86.ActiveCfg = Release|Win32
		{6122460A-0E34-40EE-A6E6-F67F5B7C857C}.Release|x86.Build.0 = Release|Win32
		{4539B84F-AD58-450F-A548-8ABFC54B893D}.Debug|x64.ActiveCfg = Debug|x64
		{4539B84F-AD58-450F-A548-8ABFC54B893D}.Debug|x64.Build.0 = Debug|x64
		{4539B84F-AD58-450F-A548-8ABFC54B893D}.Debug|x86.ActiveCfg = Debug|Win32
		{4539B84F-AD58-450F-A548-8ABFC54B893D}.Debug|x86.Build.0 = Debug|Win32
		{4539B84F-AD58-450F-A548-8ABFC54B893D}.Release|x64.ActiveCfg = Release|x64
		{4539B84F-AD58-450F-A548-8ABFC54B893D}.Release|x64.Build.0 = Release|x64
		{4539B84F-AD58-450F-A548-8ABFC54B893D}.Release|x86.ActiveCfg = Release|Win32
		{4539B84F-AD58-450F-A548-8ABFC54B893D}.Release|x86.Build.0 = Release|Win32
	EndGlobalSection
	GlobalSection(SolutionProperties) = preSolution
		HideSolutionNode = FALSE
	EndGlobalSection
	GlobalSection(ExtensibilityGlobals) = postSolution
		SolutionGuid = {5C42C624-5BA5-4794-9E41-6D4BCE547CF0}
	EndGlobalSection
EndGlobal
